
Microsoft Visual Studio Solution File, Format Version 12.00
# Visual Studio Version 16
VisualStudioVersion = 16.0.32901.82
MinimumVisualStudioVersion = 10.0.40219.1
Project("{FAE04EC0-301F-11D3-BF4B-00C04F79EFBC}") = "Combinations", "Combinations\Combinations.csproj", "{2E4DFCE8-0AAD-42A2-89E0-5F6A4C3812FE}"
EndProject
Project("{FAE04EC0-301F-11D3-BF4B-00C04F79EFBC}") = "CombinationsTests", "CombinationsTests\CombinationsTests.csproj", "{80A17E07-5159-4537-AA64-360D1731A573}"
EndProject
Global
	GlobalSection(SolutionConfigurationPlatforms) = preSolution
		Debug|Any CPU = Debug|Any CPU
		Release|Any CPU = Release|Any CPU
		Test|Any CPU = Test|Any CPU
	EndGlobalSection
	GlobalSection(ProjectConfigurationPlatforms) = postSolution
		{2E4DFCE8-0AAD-42A2-89E0-5F6A4C3812FE}.Debug|Any CPU.ActiveCfg = Debug|Any CPU
		{2E4DFCE8-0AAD-42A2-89E0-5F6A4C3812FE}.Debug|Any CPU.Build.0 = Debug|Any CPU
		{2E4DFCE8-0AAD-42A2-89E0-5F6A4C3812FE}.Release|Any CPU.ActiveCfg = Release|Any CPU
		{2E4DFCE8-0AAD-42A2-89E0-5F6A4C3812FE}.Release|Any CPU.Build.0 = Release|Any CPU
		{2E4DFCE8-0AAD-42A2-89E0-5F6A4C3812FE}.Test|Any CPU.ActiveCfg = Test|Any CPU
		{2E4DFCE8-0AAD-42A2-89E0-5F6A4C3812FE}.Test|Any CPU.Build.0 = Test|Any CPU
		{80A17E07-5159-4537-AA64-360D1731A573}.Debug|Any CPU.ActiveCfg = Debug|Any CPU
		{80A17E07-5159-4537-AA64-360D1731A573}.Debug|Any CPU.Build.0 = Debug|Any CPU
		{80A17E07-5159-4537-AA64-360D1731A573}.Release|Any CPU.ActiveCfg = Release|Any CPU
		{80A17E07-5159-4537-AA64-360D1731A573}.Release|Any CPU.Build.0 = Release|Any CPU
		{80A17E07-5159-4537-AA64-360D1731A573}.Test|Any CPU.ActiveCfg = Debug|Any CPU
		{80A17E07-5159-4537-AA64-360D1731A573}.Test|Any CPU.Build.0 = Debug|Any CPU
	EndGlobalSection
	GlobalSection(SolutionProperties) = preSolution
		HideSolutionNode = FALSE
	EndGlobalSection
	GlobalSection(ExtensibilityGlobals) = postSolution
		SolutionGuid = {610B3258-1D24-4446-B3F6-5ACFE1B416DB}
	EndGlobalSection
EndGlobal
